
Microsoft Visual Studio Solution File, Format Version 12.00
# Visual Studio Version 16
VisualStudioVersion = 16.0.31205.134
MinimumVisualStudioVersion = 10.0.40219.1
Project("{FAE04EC0-301F-11D3-BF4B-00C04F79EFBC}") = "BaseDonneeNortwind", "BaseDonneeNortwind\BaseDonneeNortwind.csproj", "{702D82C2-E34E-43D0-841F-4209F35569AF}"
EndProject
Project("{FAE04EC0-301F-11D3-BF4B-00C04F79EFBC}") = "LibraryCoreEFNortwind", "LibraryCoreEFNortwind\LibraryCoreEFNortwind.csproj", "{2BB20ABA-220E-42E5-9FD4-127D928BBA9C}"
EndProject
Global
	GlobalSection(SolutionConfigurationPlatforms) = preSolution
		Debug|Any CPU = Debug|Any CPU
		Release|Any CPU = Release|Any CPU
	EndGlobalSection
	GlobalSection(ProjectConfigurationPlatforms) = postSolution
		{702D82C2-E34E-43D0-841F-4209F35569AF}.Debug|Any CPU.ActiveCfg = Debug|Any CPU
		{702D82C2-E34E-43D0-841F-4209F35569AF}.Debug|Any CPU.Build.0 = Debug|Any CPU
		{702D82C2-E34E-43D0-841F-4209F35569AF}.Release|Any CPU.ActiveCfg = Release|Any CPU
		{702D82C2-E34E-43D0-841F-4209F35569AF}.Release|Any CPU.Build.0 = Release|Any CPU
		{2BB20ABA-220E-42E5-9FD4-127D928BBA9C}.Debug|Any CPU.ActiveCfg = Debug|Any CPU
		{2BB20ABA-220E-42E5-9FD4-127D928BBA9C}.Debug|Any CPU.Build.0 = Debug|Any CPU
		{2BB20ABA-220E-42E5-9FD4-127D928BBA9C}.Release|Any CPU.ActiveCfg = Release|Any CPU
		{2BB20ABA-220E-42E5-9FD4-127D928BBA9C}.Release|Any CPU.Build.0 = Release|Any CPU
	EndGlobalSection
	GlobalSection(SolutionProperties) = preSolution
		HideSolutionNode = FALSE
	EndGlobalSection
	GlobalSection(ExtensibilityGlobals) = postSolution
		SolutionGuid = {59254DE0-C71B-4913-898D-0283894D9291}
	EndGlobalSection
EndGlobal
